// !$*UTF8*$!
{
	archiveVersion = 1;
	classes = {
	};
	objectVersion = 56;
	objects = {

/* Begin PBXBuildFile section */
		216512D12C1872680096C526 /* iExpenseApp.swift in Sources */ = {isa = PBXBuildFile; fileRef = 216512D02C1872680096C526 /* iExpenseApp.swift */; };
		216512D32C1872680096C526 /* ContentView.swift in Sources */ = {isa = PBXBuildFile; fileRef = 216512D22C1872680096C526 /* ContentView.swift */; };
		216512D52C1872690096C526 /* Assets.xcassets in Resources */ = {isa = PBXBuildFile; fileRef = 216512D42C1872690096C526 /* Assets.xcassets */; };
		216512D82C1872690096C526 /* Preview Assets.xcassets in Resources */ = {isa = PBXBuildFile; fileRef = 216512D72C1872690096C526 /* Preview Assets.xcassets */; };
		216512E22C18726A0096C526 /* iExpenseTests.swift in Sources */ = {isa = PBXBuildFile; fileRef = 216512E12C18726A0096C526 /* iExpenseTests.swift */; };
		216512EC2C18726A0096C526 /* iExpenseUITests.swift in Sources */ = {isa = PBXBuildFile; fileRef = 216512EB2C18726A0096C526 /* iExpenseUITests.swift */; };
		216512EE2C18726A0096C526 /* iExpenseUITestsLaunchTests.swift in Sources */ = {isa = PBXBuildFile; fileRef = 216512ED2C18726A0096C526 /* iExpenseUITestsLaunchTests.swift */; };
/* End PBXBuildFile section */

/* Begin PBXContainerItemProxy section */
		216512DE2C18726A0096C526 /* PBXContainerItemProxy */ = {
			isa = PBXContainerItemProxy;
			containerPortal = 216512C52C1872680096C526 /* Project object */;
			proxyType = 1;
			remoteGlobalIDString = 216512CC2C1872680096C526;
			remoteInfo = iExpense;
		};
		216512E82C18726A0096C526 /* PBXContainerItemProxy */ = {
			isa = PBXContainerItemProxy;
			containerPortal = 216512C52C1872680096C526 /* Project object */;
			proxyType = 1;
			remoteGlobalIDString = 216512CC2C1872680096C526;
			remoteInfo = iExpense;
		};
/* End PBXContainerItemProxy section */

/* Begin PBXFileReference section */
		216512CD2C1872680096C526 /* iExpense.app */ = {isa = PBXFileReference; explicitFileType = wrapper.application; includeInIndex = 0; path = iExpense.app; sourceTree = BUILT_PRODUCTS_DIR; };
		216512D02C1872680096C526 /* iExpenseApp.swift */ = {isa = PBXFileReference; lastKnownFileType = sourcecode.swift; path = iExpenseApp.swift; sourceTree = "<group>"; };
		216512D22C1872680096C526 /* ContentView.swift */ = {isa = PBXFileReference; lastKnownFileType = sourcecode.swift; path = ContentView.swift; sourceTree = "<group>"; };
		216512D42C1872690096C526 /* Assets.xcassets */ = {isa = PBXFileReference; lastKnownFileType = folder.assetcatalog; path = Assets.xcassets; sourceTree = "<group>"; };
		216512D72C1872690096C526 /* Preview Assets.xcassets */ = {isa = PBXFileReference; lastKnownFileType = folder.assetcatalog; path = "Preview Assets.xcassets"; sourceTree = "<group>"; };
		216512DD2C18726A0096C526 /* iExpenseTests.xctest */ = {isa = PBXFileReference; explicitFileType = wrapper.cfbundle; includeInIndex = 0; path = iExpenseTests.xctest; sourceTree = BUILT_PRODUCTS_DIR; };
		216512E12C18726A0096C526 /* iExpenseTests.swift */ = {isa = PBXFileReference; lastKnownFileType = sourcecode.swift; path = iExpenseTests.swift; sourceTree = "<group>"; };
		216512E72C18726A0096C526 /* iExpenseUITests.xctest */ = {isa = PBXFileReference; explicitFileType = wrapper.cfbundle; includeInIndex = 0; path = iExpenseUITests.xctest; sourceTree = BUILT_PRODUCTS_DIR; };
		216512EB2C18726A0096C526 /* iExpenseUITests.swift */ = {isa = PBXFileReference; lastKnownFileType = sourcecode.swift; path = iExpenseUITests.swift; sourceTree = "<group>"; };
		216512ED2C18726A0096C526 /* iExpenseUITestsLaunchTests.swift */ = {isa = PBXFileReference; lastKnownFileType = sourcecode.swift; path = iExpenseUITestsLaunchTests.swift; sourceTree = "<group>"; };
/* End PBXFileReference section */

/* Begin PBXFrameworksBuildPhase section */
		216512CA2C1872680096C526 /* Frameworks */ = {
			isa = PBXFrameworksBuildPhase;
			buildActionMask = 2147483647;
			files = (
			);
			runOnlyForDeploymentPostprocessing = 0;
		};
		216512DA2C18726A0096C526 /* Frameworks */ = {
			isa = PBXFrameworksBuildPhase;
			buildActionMask = 2147483647;
			files = (
			);
			runOnlyForDeploymentPostprocessing = 0;
		};
		216512E42C18726A0096C526 /* Frameworks */ = {
			isa = PBXFrameworksBuildPhase;
			buildActionMask = 2147483647;
			files = (
			);
			runOnlyForDeploymentPostprocessing = 0;
		};
/* End PBXFrameworksBuildPhase section */

/* Begin PBXGroup section */
		216512C42C1872680096C526 = {
			isa = PBXGroup;
			children = (
				216512CF2C1872680096C526 /* iExpense */,
				216512E02C18726A0096C526 /* iExpenseTests */,
				216512EA2C18726A0096C526 /* iExpenseUITests */,
				216512CE2C1872680096C526 /* Products */,
			);
			sourceTree = "<group>";
		};
		216512CE2C1872680096C526 /* Products */ = {
			isa = PBXGroup;
			children = (
				216512CD2C1872680096C526 /* iExpense.app */,
				216512DD2C18726A0096C526 /* iExpenseTests.xctest */,
				216512E72C18726A0096C526 /* iExpenseUITests.xctest */,
			);
			name = Products;
			sourceTree = "<group>";
		};
		216512CF2C1872680096C526 /* iExpense */ = {
			isa = PBXGroup;
			children = (
				216512D02C1872680096C526 /* iExpenseApp.swift */,
				216512D22C1872680096C526 /* ContentView.swift */,
				216512D42C1872690096C526 /* Assets.xcassets */,
				216512D62C1872690096C526 /* Preview Content */,
			);
			path = iExpense;
			sourceTree = "<group>";
		};
		216512D62C1872690096C526 /* Preview Content */ = {
			isa = PBXGroup;
			children = (
				216512D72C1872690096C526 /* Preview Assets.xcassets */,
			);
			path = "Preview Content";
			sourceTree = "<group>";
		};
		216512E02C18726A0096C526 /* iExpenseTests */ = {
			isa = PBXGroup;
			children = (
				216512E12C18726A0096C526 /* iExpenseTests.swift */,
			);
			path = iExpenseTests;
			sourceTree = "<group>";
		};
		216512EA2C18726A0096C526 /* iExpenseUITests */ = {
			isa = PBXGroup;
			children = (
				216512EB2C18726A0096C526 /* iExpenseUITests.swift */,
				216512ED2C18726A0096C526 /* iExpenseUITestsLaunchTests.swift */,
			);
			path = iExpenseUITests;
			sourceTree = "<group>";
		};
/* End PBXGroup section */

/* Begin PBXNativeTarget section */
		216512CC2C1872680096C526 /* iExpense */ = {
			isa = PBXNativeTarget;
			buildConfigurationList = 216512F12C18726A0096C526 /* Build configuration list for PBXNativeTarget "iExpense" */;
			buildPhases = (
				216512C92C1872680096C526 /* Sources */,
				216512CA2C1872680096C526 /* Frameworks */,
				216512CB2C1872680096C526 /* Resources */,
			);
			buildRules = (
			);
			dependencies = (
			);
			name = iExpense;
			productName = iExpense;
			productReference = 216512CD2C1872680096C526 /* iExpense.app */;
			productType = "com.apple.product-type.application";
		};
		216512DC2C18726A0096C526 /* iExpenseTests */ = {
			isa = PBXNativeTarget;
			buildConfigurationList = 216512F42C18726A0096C526 /* Build configuration list for PBXNativeTarget "iExpenseTests" */;
			buildPhases = (
				216512D92C18726A0096C526 /* Sources */,
				216512DA2C18726A0096C526 /* Frameworks */,
				216512DB2C18726A0096C526 /* Resources */,
			);
			buildRules = (
			);
			dependencies = (
				216512DF2C18726A0096C526 /* PBXTargetDependency */,
			);
			name = iExpenseTests;
			productName = iExpenseTests;
			productReference = 216512DD2C18726A0096C526 /* iExpenseTests.xctest */;
			productType = "com.apple.product-type.bundle.unit-test";
		};
		216512E62C18726A0096C526 /* iExpenseUITests */ = {
			isa = PBXNativeTarget;
			buildConfigurationList = 216512F72C18726A0096C526 /* Build configuration list for PBXNativeTarget "iExpenseUITests" */;
			buildPhases = (
				216512E32C18726A0096C526 /* Sources */,
				216512E42C18726A0096C526 /* Frameworks */,
				216512E52C18726A0096C526 /* Resources */,
			);
			buildRules = (
			);
			dependencies = (
				216512E92C18726A0096C526 /* PBXTargetDependency */,
			);
			name = iExpenseUITests;
			productName = iExpenseUITests;
			productReference = 216512E72C18726A0096C526 /* iExpenseUITests.xctest */;
			productType = "com.apple.product-type.bundle.ui-testing";
		};
/* End PBXNativeTarget section */

/* Begin PBXProject section */
		216512C52C1872680096C526 /* Project object */ = {
			isa = PBXProject;
			attributes = {
				BuildIndependentTargetsInParallel = 1;
				LastSwiftUpdateCheck = 1540;
				LastUpgradeCheck = 1540;
				TargetAttributes = {
					216512CC2C1872680096C526 = {
						CreatedOnToolsVersion = 15.4;
					};
					216512DC2C18726A0096C526 = {
						CreatedOnToolsVersion = 15.4;
						TestTargetID = 216512CC2C1872680096C526;
					};
					216512E62C18726A0096C526 = {
						CreatedOnToolsVersion = 15.4;
						TestTargetID = 216512CC2C1872680096C526;
					};
				};
			};
			buildConfigurationList = 216512C82C1872680096C526 /* Build configuration list for PBXProject "iExpense" */;
			compatibilityVersion = "Xcode 14.0";
			developmentRegion = en;
			hasScannedForEncodings = 0;
			knownRegions = (
				en,
				Base,
			);
			mainGroup = 216512C42C1872680096C526;
			productRefGroup = 216512CE2C1872680096C526 /* Products */;
			projectDirPath = "";
			projectRoot = "";
			targets = (
				216512CC2C1872680096C526 /* iExpense */,
				216512DC2C18726A0096C526 /* iExpenseTests */,
				216512E62C18726A0096C526 /* iExpenseUITests */,
			);
		};
/* End PBXProject section */

/* Begin PBXResourcesBuildPhase section */
		216512CB2C1872680096C526 /* Resources */ = {
			isa = PBXResourcesBuildPhase;
			buildActionMask = 2147483647;
			files = (
				216512D82C1872690096C526 /* Preview Assets.xcassets in Resources */,
				216512D52C1872690096C526 /* Assets.xcassets in Resources */,
			);
			runOnlyForDeploymentPostprocessing = 0;
		};
		216512DB2C18726A0096C526 /* Resources */ = {
			isa = PBXResourcesBuildPhase;
			buildActionMask = 2147483647;
			files = (
			);
			runOnlyForDeploymentPostprocessing = 0;
		};
		216512E52C18726A0096C526 /* Resources */ = {
			isa = PBXResourcesBuildPhase;
			buildActionMask = 2147483647;
			files = (
			);
			runOnlyForDeploymentPostprocessing = 0;
		};
/* End PBXResourcesBuildPhase section */

/* Begin PBXSourcesBuildPhase section */
		216512C92C1872680096C526 /* Sources */ = {
			isa = PBXSourcesBuildPhase;
			buildActionMask = 2147483647;
			files = (
				216512D32C1872680096C526 /* ContentView.swift in Sources */,
				216512D12C1872680096C526 /* iExpenseApp.swift in Sources */,
			);
			runOnlyForDeploymentPostprocessing = 0;
		};
		216512D92C18726A0096C526 /* Sources */ = {
			isa = PBXSourcesBuildPhase;
			buildActionMask = 2147483647;
			files = (
				216512E22C18726A0096C526 /* iExpenseTests.swift in Sources */,
			);
			runOnlyForDeploymentPostprocessing = 0;
		};
		216512E32C18726A0096C526 /* Sources */ = {
			isa = PBXSourcesBuildPhase;
			buildActionMask = 2147483647;
			files = (
				216512EE2C18726A0096C526 /* iExpenseUITestsLaunchTests.swift in Sources */,
				216512EC2C18726A0096C526 /* iExpenseUITests.swift in Sources */,
			);
			runOnlyForDeploymentPostprocessing = 0;
		};
/* End PBXSourcesBuildPhase section */

/* Begin PBXTargetDependency section */
		216512DF2C18726A0096C526 /* PBXTargetDependency */ = {
			isa = PBXTargetDependency;
			target = 216512CC2C1872680096C526 /* iExpense */;
			targetProxy = 216512DE2C18726A0096C526 /* PBXContainerItemProxy */;
		};
		216512E92C18726A0096C526 /* PBXTargetDependency */ = {
			isa = PBXTargetDependency;
			target = 216512CC2C1872680096C526 /* iExpense */;
			targetProxy = 216512E82C18726A0096C526 /* PBXContainerItemProxy */;
		};
/* End PBXTargetDependency section */

/* Begin XCBuildConfiguration section */
		216512EF2C18726A0096C526 /* Debug */ = {
			isa = XCBuildConfiguration;
			buildSettings = {
				ALWAYS_SEARCH_USER_PATHS = NO;
				ASSETCATALOG_COMPILER_GENERATE_SWIFT_ASSET_SYMBOL_EXTENSIONS = YES;
				CLANG_ANALYZER_NONNULL = YES;
				CLANG_ANALYZER_NUMBER_OBJECT_CONVERSION = YES_AGGRESSIVE;
				CLANG_CXX_LANGUAGE_STANDARD = "gnu++20";
				CLANG_ENABLE_MODULES = YES;
				CLANG_ENABLE_OBJC_ARC = YES;
				CLANG_ENABLE_OBJC_WEAK = YES;
				CLANG_WARN_BLOCK_CAPTURE_AUTORELEASING = YES;
				CLANG_WARN_BOOL_CONVERSION = YES;
				CLANG_WARN_COMMA = YES;
				CLANG_WARN_CONSTANT_CONVERSION = YES;
				CLANG_WARN_DEPRECATED_OBJC_IMPLEMENTATIONS = YES;
				CLANG_WARN_DIRECT_OBJC_ISA_USAGE = YES_ERROR;
				CLANG_WARN_DOCUMENTATION_COMMENTS = YES;
				CLANG_WARN_EMPTY_BODY = YES;
				CLANG_WARN_ENUM_CONVERSION = YES;
				CLANG_WARN_INFINITE_RECURSION = YES;
				CLANG_WARN_INT_CONVERSION = YES;
				CLANG_WARN_NON_LITERAL_NULL_CONVERSION = YES;
				CLANG_WARN_OBJC_IMPLICIT_RETAIN_SELF = YES;
				CLANG_WARN_OBJC_LITERAL_CONVERSION = YES;
				CLANG_WARN_OBJC_ROOT_CLASS = YES_ERROR;
				CLANG_WARN_QUOTED_INCLUDE_IN_FRAMEWORK_HEADER = YES;
				CLANG_WARN_RANGE_LOOP_ANALYSIS = YES;
				CLANG_WARN_STRICT_PROTOTYPES = YES;
				CLANG_WARN_SUSPICIOUS_MOVE = YES;
				CLANG_WARN_UNGUARDED_AVAILABILITY = YES_AGGRESSIVE;
				CLANG_WARN_UNREACHABLE_CODE = YES;
				CLANG_WARN__DUPLICATE_METHOD_MATCH = YES;
				COPY_PHASE_STRIP = NO;
				DEBUG_INFORMATION_FORMAT = dwarf;
				ENABLE_STRICT_OBJC_MSGSEND = YES;
				ENABLE_TESTABILITY = YES;
				ENABLE_USER_SCRIPT_SANDBOXING = YES;
				GCC_C_LANGUAGE_STANDARD = gnu17;
				GCC_DYNAMIC_NO_PIC = NO;
				GCC_NO_COMMON_BLOCKS = YES;
				GCC_OPTIMIZATION_LEVEL = 0;
				GCC_PREPROCESSOR_DEFINITIONS = (
					"DEBUG=1",
					"$(inherited)",
				);
				GCC_WARN_64_TO_32_BIT_CONVERSION = YES;
				GCC_WARN_ABOUT_RETURN_TYPE = YES_ERROR;
				GCC_WARN_UNDECLARED_SELECTOR = YES;
				GCC_WARN_UNINITIALIZED_AUTOS = YES_AGGRESSIVE;
				GCC_WARN_UNUSED_FUNCTION = YES;
				GCC_WARN_UNUSED_VARIABLE = YES;
				IPHONEOS_DEPLOYMENT_TARGET = 17.5;
				LOCALIZATION_PREFERS_STRING_CATALOGS = YES;
				MTL_ENABLE_DEBUG_INFO = INCLUDE_SOURCE;
				MTL_FAST_MATH = YES;
				ONLY_ACTIVE_ARCH = YES;
				SDKROOT = iphoneos;
				SWIFT_ACTIVE_COMPILATION_CONDITIONS = "DEBUG $(inherited)";
				SWIFT_OPTIMIZATION_LEVEL = "-Onone";
			};
			name = Debug;
		};
		216512F02C18726A0096C526 /* Release */ = {
			isa = XCBuildConfiguration;
			buildSettings = {
				ALWAYS_SEARCH_USER_PATHS = NO;
				ASSETCATALOG_COMPILER_GENERATE_SWIFT_ASSET_SYMBOL_EXTENSIONS = YES;
				CLANG_ANALYZER_NONNULL = YES;
				CLANG_ANALYZER_NUMBER_OBJECT_CONVERSION = YES_AGGRESSIVE;
				CLANG_CXX_LANGUAGE_STANDARD = "gnu++20";
				CLANG_ENABLE_MODULES = YES;
				CLANG_ENABLE_OBJC_ARC = YES;
				CLANG_ENABLE_OBJC_WEAK = YES;
				CLANG_WARN_BLOCK_CAPTURE_AUTORELEASING = YES;
				CLANG_WARN_BOOL_CONVERSION = YES;
				CLANG_WARN_COMMA = YES;
				CLANG_WARN_CONSTANT_CONVERSION = YES;
				CLANG_WARN_DEPRECATED_OBJC_IMPLEMENTATIONS = YES;
				CLANG_WARN_DIRECT_OBJC_ISA_USAGE = YES_ERROR;
				CLANG_WARN_DOCUMENTATION_COMMENTS = YES;
				CLANG_WARN_EMPTY_BODY = YES;
				CLANG_WARN_ENUM_CONVERSION = YES;
				CLANG_WARN_INFINITE_RECURSION = YES;
				CLANG_WARN_INT_CONVERSION = YES;
				CLANG_WARN_NON_LITERAL_NULL_CONVERSION = YES;
				CLANG_WARN_OBJC_IMPLICIT_RETAIN_SELF = YES;
				CLANG_WARN_OBJC_LITERAL_CONVERSION = YES;
				CLANG_WARN_OBJC_ROOT_CLASS = YES_ERROR;
				CLANG_WARN_QUOTED_INCLUDE_IN_FRAMEWORK_HEADER = YES;
				CLANG_WARN_RANGE_LOOP_ANALYSIS = YES;
				CLANG_WARN_STRICT_PROTOTYPES = YES;
				CLANG_WARN_SUSPICIOUS_MOVE = YES;
				CLANG_WARN_UNGUARDED_AVAILABILITY = YES_AGGRESSIVE;
				CLANG_WARN_UNREACHABLE_CODE = YES;
				CLANG_WARN__DUPLICATE_METHOD_MATCH = YES;
				COPY_PHASE_STRIP = NO;
				DEBUG_INFORMATION_FORMAT = "dwarf-with-dsym";
				ENABLE_NS_ASSERTIONS = NO;
				ENABLE_STRICT_OBJC_MSGSEND = YES;
				ENABLE_USER_SCRIPT_SANDBOXING = YES;
				GCC_C_LANGUAGE_STANDARD = gnu17;
				GCC_NO_COMMON_BLOCKS = YES;
				GCC_WARN_64_TO_32_BIT_CONVERSION = YES;
				GCC_WARN_ABOUT_RETURN_TYPE = YES_ERROR;
				GCC_WARN_UNDECLARED_SELECTOR = YES;
				GCC_WARN_UNINITIALIZED_AUTOS = YES_AGGRESSIVE;
				GCC_WARN_UNUSED_FUNCTION = YES;
				GCC_WARN_UNUSED_VARIABLE = YES;
				IPHONEOS_DEPLOYMENT_TARGET = 17.5;
				LOCALIZATION_PREFERS_STRING_CATALOGS = YES;
				MTL_ENABLE_DEBUG_INFO = NO;
				MTL_FAST_MATH = YES;
				SDKROOT = iphoneos;
				SWIFT_COMPILATION_MODE = wholemodule;
				VALIDATE_PRODUCT = YES;
			};
			name = Release;
		};
		216512F22C18726A0096C526 /* Debug */ = {
			isa = XCBuildConfiguration;
			buildSettings = {
				ASSETCATALOG_COMPILER_APPICON_NAME = AppIcon;
				ASSETCATALOG_COMPILER_GLOBAL_ACCENT_COLOR_NAME = AccentColor;
				CODE_SIGN_STYLE = Automatic;
				CURRENT_PROJECT_VERSION = 1;
				DEVELOPMENT_ASSET_PATHS = "\"iExpense/Preview Content\"";
				DEVELOPMENT_TEAM = MLB596KPM6;
				ENABLE_PREVIEWS = YES;
				GENERATE_INFOPLIST_FILE = YES;
				INFOPLIST_KEY_UIApplicationSceneManifest_Generation = YES;
				INFOPLIST_KEY_UIApplicationSupportsIndirectInputEvents = YES;
				INFOPLIST_KEY_UILaunchScreen_Generation = YES;
				INFOPLIST_KEY_UISupportedInterfaceOrientations_iPad = "UIInterfaceOrientationPortrait UIInterfaceOrientationPortraitUpsideDown UIInterfaceOrientationLandscapeLeft UIInterfaceOrientationLandscapeRight";
				INFOPLIST_KEY_UISupportedInterfaceOrientations_iPhone = "UIInterfaceOrientationPortrait UIInterfaceOrientationLandscapeLeft UIInterfaceOrientationLandscapeRight";
				LD_RUNPATH_SEARCH_PATHS = (
					"$(inherited)",
					"@executable_path/Frameworks",
				);
				MARKETING_VERSION = 1.0;
				PRODUCT_BUNDLE_IDENTIFIER = yash.iExpense;
				PRODUCT_NAME = "$(TARGET_NAME)";
				SWIFT_EMIT_LOC_STRINGS = YES;
				SWIFT_VERSION = 5.0;
				TARGETED_DEVICE_FAMILY = "1,2";
			};
			name = Debug;
		};
		216512F32C18726A0096C526 /* Release */ = {
			isa = XCBuildConfiguration;
			buildSettings = {
				ASSETCATALOG_COMPILER_APPICON_NAME = AppIcon;
				ASSETCATALOG_COMPILER_GLOBAL_ACCENT_COLOR_NAME = AccentColor;
				CODE_SIGN_STYLE = Automatic;
				CURRENT_PROJECT_VERSION = 1;
				DEVELOPMENT_ASSET_PATHS = "\"iExpense/Preview Content\"";
				DEVELOPMENT_TEAM = MLB596KPM6;
				ENABLE_PREVIEWS = YES;
				GENERATE_INFOPLIST_FILE = YES;
				INFOPLIST_KEY_UIApplicationSceneManifest_Generation = YES;
				INFOPLIST_KEY_UIApplicationSupportsIndirectInputEvents = YES;
				INFOPLIST_KEY_UILaunchScreen_Generation = YES;
				INFOPLIST_KEY_UISupportedInterfaceOrientations_iPad = "UIInterfaceOrientationPortrait UIInterfaceOrientationPortraitUpsideDown UIInterfaceOrientationLandscapeLeft UIInterfaceOrientationLandscapeRight";
				INFOPLIST_KEY_UISupportedInterfaceOrientations_iPhone = "UIInterfaceOrientationPortrait UIInterfaceOrientationLandscapeLeft UIInterfaceOrientationLandscapeRight";
				LD_RUNPATH_SEARCH_PATHS = (
					"$(inherited)",
					"@executable_path/Frameworks",
				);
				MARKETING_VERSION = 1.0;
				PRODUCT_BUNDLE_IDENTIFIER = yash.iExpense;
				PRODUCT_NAME = "$(TARGET_NAME)";
				SWIFT_EMIT_LOC_STRINGS = YES;
				SWIFT_VERSION = 5.0;
				TARGETED_DEVICE_FAMILY = "1,2";
			};
			name = Release;
		};
		216512F52C18726A0096C526 /* Debug */ = {
			isa = XCBuildConfiguration;
			buildSettings = {
				ALWAYS_EMBED_SWIFT_STANDARD_LIBRARIES = YES;
				BUNDLE_LOADER = "$(TEST_HOST)";
				CODE_SIGN_STYLE = Automatic;
				CURRENT_PROJECT_VERSION = 1;
				DEVELOPMENT_TEAM = MLB596KPM6;
				GENERATE_INFOPLIST_FILE = YES;
				IPHONEOS_DEPLOYMENT_TARGET = 17.5;
				MARKETING_VERSION = 1.0;
				PRODUCT_BUNDLE_IDENTIFIER = yash.iExpenseTests;
				PRODUCT_NAME = "$(TARGET_NAME)";
				SWIFT_EMIT_LOC_STRINGS = NO;
				SWIFT_VERSION = 5.0;
				TARGETED_DEVICE_FAMILY = "1,2";
				TEST_HOST = "$(BUILT_PRODUCTS_DIR)/iExpense.app/$(BUNDLE_EXECUTABLE_FOLDER_PATH)/iExpense";
			};
			name = Debug;
		};
		216512F62C18726A0096C526 /* Release */ = {
			isa = XCBuildConfiguration;
			buildSettings = {
				ALWAYS_EMBED_SWIFT_STANDARD_LIBRARIES = YES;
				BUNDLE_LOADER = "$(TEST_HOST)";
				CODE_SIGN_STYLE = Automatic;
				CURRENT_PROJECT_VERSION = 1;
				DEVELOPMENT_TEAM = MLB596KPM6;
				GENERATE_INFOPLIST_FILE = YES;
				IPHONEOS_DEPLOYMENT_TARGET = 17.5;
				MARKETING_VERSION = 1.0;
				PRODUCT_BUNDLE_IDENTIFIER = yash.iExpenseTests;
				PRODUCT_NAME = "$(TARGET_NAME)";
				SWIFT_EMIT_LOC_STRINGS = NO;
				SWIFT_VERSION = 5.0;
				TARGETED_DEVICE_FAMILY = "1,2";
				TEST_HOST = "$(BUILT_PRODUCTS_DIR)/iExpense.app/$(BUNDLE_EXECUTABLE_FOLDER_PATH)/iExpense";
			};
			name = Release;
		};
		216512F82C18726A0096C526 /* Debug */ = {
			isa = XCBuildConfiguration;
			buildSettings = {
				ALWAYS_EMBED_SWIFT_STANDARD_LIBRARIES = YES;
				CODE_SIGN_STYLE = Automatic;
				CURRENT_PROJECT_VERSION = 1;
				DEVELOPMENT_TEAM = MLB596KPM6;
				GENERATE_INFOPLIST_FILE = YES;
				MARKETING_VERSION = 1.0;
				PRODUCT_BUNDLE_IDENTIFIER = yash.iExpenseUITests;
				PRODUCT_NAME = "$(TARGET_NAME)";
				SWIFT_EMIT_LOC_STRINGS = NO;
				SWIFT_VERSION = 5.0;
				TARGETED_DEVICE_FAMILY = "1,2";
				TEST_TARGET_NAME = iExpense;
			};
			name = Debug;
		};
		216512F92C18726A0096C526 /* Release */ = {
			isa = XCBuildConfiguration;
			buildSettings = {
				ALWAYS_EMBED_SWIFT_STANDARD_LIBRARIES = YES;
				CODE_SIGN_STYLE = Automatic;
				CURRENT_PROJECT_VERSION = 1;
				DEVELOPMENT_TEAM = MLB596KPM6;
				GENERATE_INFOPLIST_FILE = YES;
				MARKETING_VERSION = 1.0;
				PRODUCT_BUNDLE_IDENTIFIER = yash.iExpenseUITests;
				PRODUCT_NAME = "$(TARGET_NAME)";
				SWIFT_EMIT_LOC_STRINGS = NO;
				SWIFT_VERSION = 5.0;
				TARGETED_DEVICE_FAMILY = "1,2";
				TEST_TARGET_NAME = iExpense;
			};
			name = Release;
		};
/* End XCBuildConfiguration section */

/* Begin XCConfigurationList section */
		216512C82C1872680096C526 /* Build configuration list for PBXProject "iExpense" */ = {
			isa = XCConfigurationList;
			buildConfigurations = (
				216512EF2C18726A0096C526 /* Debug */,
				216512F02C18726A0096C526 /* Release */,
			);
			defaultConfigurationIsVisible = 0;
			defaultConfigurationName = Release;
		};
		216512F12C18726A0096C526 /* Build configuration list for PBXNativeTarget "iExpense" */ = {
			isa = XCConfigurationList;
			buildConfigurations = (
				216512F22C18726A0096C526 /* Debug */,
				216512F32C18726A0096C526 /* Release */,
			);
			defaultConfigurationIsVisible = 0;
			defaultConfigurationName = Release;
		};
		216512F42C18726A0096C526 /* Build configuration list for PBXNativeTarget "iExpenseTests" */ = {
			isa = XCConfigurationList;
			buildConfigurations = (
				216512F52C18726A0096C526 /* Debug */,
				216512F62C18726A0096C526 /* Release */,
			);
			defaultConfigurationIsVisible = 0;
			defaultConfigurationName = Release;
		};
		216512F72C18726A0096C526 /* Build configuration list for PBXNativeTarget "iExpenseUITests" */ = {
			isa = XCConfigurationList;
			buildConfigurations = (
				216512F82C18726A0096C526 /* Debug */,
				216512F92C18726A0096C526 /* Release */,
			);
			defaultConfigurationIsVisible = 0;
			defaultConfigurationName = Release;
		};
/* End XCConfigurationList section */
	};
	rootObject = 216512C52C1872680096C526 /* Project object */;
}
